
Microsoft Visual Studio Solution File, Format Version 12.00
# Visual Studio Version 16
VisualStudioVersion = 16.0.34407.143
MinimumVisualStudioVersion = 10.0.40219.1
Project("{FAE04EC0-301F-11D3-BF4B-00C04F79EFBC}") = "ConsoleApp1", "ConsoleApp1.csproj", "{D411B0C6-5122-4FCD-A922-49256916AC8E}"
EndProject
Global
	GlobalSection(SolutionConfigurationPlatforms) = preSolution
		Debug|Any CPU = Debug|Any CPU
		Release|Any CPU = Release|Any CPU
	EndGlobalSection
	GlobalSection(ProjectConfigurationPlatforms) = postSolution
		{D411B0C6-5122-4FCD-A922-49256916AC8E}.Debug|Any CPU.ActiveCfg = Debug|Any CPU
		{D411B0C6-5122-4FCD-A922-49256916AC8E}.Debug|Any CPU.Build.0 = Debug|Any CPU
		{D411B0C6-5122-4FCD-A922-49256916AC8E}.Release|Any CPU.ActiveCfg = Release|Any CPU
		{D411B0C6-5122-4FCD-A922-49256916AC8E}.Release|Any CPU.Build.0 = Release|Any CPU
	EndGlobalSection
	GlobalSection(SolutionProperties) = preSolution
		HideSolutionNode = FALSE
	EndGlobalSection
	GlobalSection(ExtensibilityGlobals) = postSolution
		SolutionGuid = {400787CF-EB08-460C-8E52-796E88F1E0C7}
	EndGlobalSection
EndGlobal
